// !$*UTF8*$!
{
	archiveVersion = 1;
	classes = {
	};
	objectVersion = 50;
	objects = {

/* Begin PBXBuildFile section */
		2A00753F24BD4A7000BB1AEA /* AppDelegate.swift in Sources */ = {isa = PBXBuildFile; fileRef = 2A00753E24BD4A7000BB1AEA /* AppDelegate.swift */; };
		2A00754124BD4A7000BB1AEA /* SceneDelegate.swift in Sources */ = {isa = PBXBuildFile; fileRef = 2A00754024BD4A7000BB1AEA /* SceneDelegate.swift */; };
		2A00754624BD4A7000BB1AEA /* Main.storyboard in Resources */ = {isa = PBXBuildFile; fileRef = 2A00754424BD4A7000BB1AEA /* Main.storyboard */; };
		2A00754824BD4A7000BB1AEA /* Assets.xcassets in Resources */ = {isa = PBXBuildFile; fileRef = 2A00754724BD4A7000BB1AEA /* Assets.xcassets */; };
		2A00754B24BD4A7000BB1AEA /* LaunchScreen.storyboard in Resources */ = {isa = PBXBuildFile; fileRef = 2A00754924BD4A7000BB1AEA /* LaunchScreen.storyboard */; };
		2A00755624BD4A7000BB1AEA /* mhsvictoria_iosTests.swift in Sources */ = {isa = PBXBuildFile; fileRef = 2A00755524BD4A7000BB1AEA /* mhsvictoria_iosTests.swift */; };
		2A00756124BD4A7100BB1AEA /* mhsvictoria_iosUITests.swift in Sources */ = {isa = PBXBuildFile; fileRef = 2A00756024BD4A7100BB1AEA /* mhsvictoria_iosUITests.swift */; };
		2A069C6C25198E7500DCDFFE /* AppointmentDetailsView.swift in Sources */ = {isa = PBXBuildFile; fileRef = 2A069C6725198E7500DCDFFE /* AppointmentDetailsView.swift */; };
		2A069C6D25198E7500DCDFFE /* AppointmentCell.swift in Sources */ = {isa = PBXBuildFile; fileRef = 2A069C6A25198E7500DCDFFE /* AppointmentCell.swift */; };
		2A069C6E25198E7500DCDFFE /* AppointmentFormView.swift in Sources */ = {isa = PBXBuildFile; fileRef = 2A069C6B25198E7500DCDFFE /* AppointmentFormView.swift */; };
		2A069C7E25198EA300DCDFFE /* DayCollectionViewCell.swift in Sources */ = {isa = PBXBuildFile; fileRef = 2A069C7325198EA300DCDFFE /* DayCollectionViewCell.swift */; };
		2A069C8025198EA300DCDFFE /* DaysCollectionView.swift in Sources */ = {isa = PBXBuildFile; fileRef = 2A069C7525198EA300DCDFFE /* DaysCollectionView.swift */; };
		2A069C8525198EA300DCDFFE /* MonthViewController.swift in Sources */ = {isa = PBXBuildFile; fileRef = 2A069C7A25198EA300DCDFFE /* MonthViewController.swift */; };
		2A069CAD2519B29F00DCDFFE /* ViewUtil.swift in Sources */ = {isa = PBXBuildFile; fileRef = 2A069CAC2519B29F00DCDFFE /* ViewUtil.swift */; };
		2A069CB02519B33400DCDFFE /* CardView.swift in Sources */ = {isa = PBXBuildFile; fileRef = 2A069CAF2519B33400DCDFFE /* CardView.swift */; };
		2A069CB9251A255200DCDFFE /* AppointmentDividerView.swift in Sources */ = {isa = PBXBuildFile; fileRef = 2A069CB7251A255200DCDFFE /* AppointmentDividerView.swift */; };
		2A069CBA251A255200DCDFFE /* ActionbarView.swift in Sources */ = {isa = PBXBuildFile; fileRef = 2A069CB8251A255200DCDFFE /* ActionbarView.swift */; };
		2A069CBC251A25AA00DCDFFE /* LogoBarView.swift in Sources */ = {isa = PBXBuildFile; fileRef = 2A069CBB251A25AA00DCDFFE /* LogoBarView.swift */; };
		2A069CBE251A25DE00DCDFFE /* ShadowedLabel.swift in Sources */ = {isa = PBXBuildFile; fileRef = 2A069CBD251A25DE00DCDFFE /* ShadowedLabel.swift */; };
		2A09FD68250D966600CDF9CF /* Localizable.strings in Resources */ = {isa = PBXBuildFile; fileRef = 2A09FD67250D966600CDF9CF /* Localizable.strings */; };
		2A09FD6A250D9A3E00CDF9CF /* Constants.swift in Sources */ = {isa = PBXBuildFile; fileRef = 2A09FD69250D9A3E00CDF9CF /* Constants.swift */; };
		2A09FDA22512971900CDF9CF /* MhsgvTableViewCell.swift in Sources */ = {isa = PBXBuildFile; fileRef = 2A09FDA12512971900CDF9CF /* MhsgvTableViewCell.swift */; };
		2A09FDA42512973B00CDF9CF /* MasterTableViewController.swift in Sources */ = {isa = PBXBuildFile; fileRef = 2A09FDA32512973B00CDF9CF /* MasterTableViewController.swift */; };
		2A09FDA82512988300CDF9CF /* AppointmentViewController.swift in Sources */ = {isa = PBXBuildFile; fileRef = 2A09FDA72512988300CDF9CF /* AppointmentViewController.swift */; };
		2A09FDAE25129DB200CDF9CF /* HeaderView.swift in Sources */ = {isa = PBXBuildFile; fileRef = 2A09FDAD25129DB200CDF9CF /* HeaderView.swift */; };
		2A09FDB22512A04A00CDF9CF /* FontUtil.swift in Sources */ = {isa = PBXBuildFile; fileRef = 2A09FDB12512A04A00CDF9CF /* FontUtil.swift */; };
		2A2F10BB251E356B007F097F /* Resource.swift in Sources */ = {isa = PBXBuildFile; fileRef = 2A2F10BA251E356B007F097F /* Resource.swift */; };
		2A2F10BD251E3693007F097F /* ResourceManager.swift in Sources */ = {isa = PBXBuildFile; fileRef = 2A2F10BC251E3693007F097F /* ResourceManager.swift */; };
		2A2F10C4251EA3C0007F097F /* MapViewController.swift in Sources */ = {isa = PBXBuildFile; fileRef = 2A2F10C3251EA3C0007F097F /* MapViewController.swift */; };
		2A2F123125237763007F097F /* CustomPageControl.swift in Sources */ = {isa = PBXBuildFile; fileRef = 2A2F123025237763007F097F /* CustomPageControl.swift */; };
		2A2F12392523807A007F097F /* MonthHeaderView.swift in Sources */ = {isa = PBXBuildFile; fileRef = 2A2F12382523807A007F097F /* MonthHeaderView.swift */; };
		2A2F124025241144007F097F /* AppointmentKit.framework in Frameworks */ = {isa = PBXBuildFile; fileRef = 2A09FD95251294E500CDF9CF /* AppointmentKit.framework */; };
		2A2F124125241144007F097F /* AppointmentKit.framework in Embed Frameworks */ = {isa = PBXBuildFile; fileRef = 2A09FD95251294E500CDF9CF /* AppointmentKit.framework */; settings = {ATTRIBUTES = (CodeSignOnCopy, RemoveHeadersOnCopy, ); }; };
		2A2F124F252503C0007F097F /* WebClient.swift in Sources */ = {isa = PBXBuildFile; fileRef = 2A2F124D252503C0007F097F /* WebClient.swift */; };
		2A2F1250252503C0007F097F /* BrowserViewController.swift in Sources */ = {isa = PBXBuildFile; fileRef = 2A2F124E252503C0007F097F /* BrowserViewController.swift */; };
		2A57ADAD24DB30A400F9A9ED /* brain_sm.png in Resources */ = {isa = PBXBuildFile; fileRef = 2A57ADAC24DB30A400F9A9ED /* brain_sm.png */; };
		2A57ADAF24DB313A00F9A9ED /* brain_sm_rot.png in Resources */ = {isa = PBXBuildFile; fileRef = 2A57ADAE24DB313A00F9A9ED /* brain_sm_rot.png */; };
		2A5DEDE224D595830076AEE4 /* brain_lrg.png in Resources */ = {isa = PBXBuildFile; fileRef = 2A5DEDE124D595830076AEE4 /* brain_lrg.png */; };
		2A5DEDE424D5983C0076AEE4 /* brain_lt.png in Resources */ = {isa = PBXBuildFile; fileRef = 2A5DEDE324D5983C0076AEE4 /* brain_lt.png */; };
		2A5DEDE624D59D370076AEE4 /* brain_white.png in Resources */ = {isa = PBXBuildFile; fileRef = 2A5DEDE524D59D370076AEE4 /* brain_white.png */; };
		2A6291AE24CBB39000B8E43D /* mnsgv_bg.png in Resources */ = {isa = PBXBuildFile; fileRef = 2A6291AC24CBB39000B8E43D /* mnsgv_bg.png */; };
		2A6291AF24CBB39000B8E43D /* mnsgv_bg_3.png in Resources */ = {isa = PBXBuildFile; fileRef = 2A6291AD24CBB39000B8E43D /* mnsgv_bg_3.png */; };
		2ABF437124DE07E200F7A747 /* ColorPalette.swift in Sources */ = {isa = PBXBuildFile; fileRef = 2ABF437024DE07E200F7A747 /* ColorPalette.swift */; };
		2ABF437B24DE247000F7A747 /* BaseViewController.swift in Sources */ = {isa = PBXBuildFile; fileRef = 2ABF437824DE247000F7A747 /* BaseViewController.swift */; };
		2ABF437C24DE247000F7A747 /* MainViewController.swift in Sources */ = {isa = PBXBuildFile; fileRef = 2ABF437924DE247000F7A747 /* MainViewController.swift */; };
		2ABF437D24DE247000F7A747 /* MhsgvPageViewController.swift in Sources */ = {isa = PBXBuildFile; fileRef = 2ABF437A24DE247000F7A747 /* MhsgvPageViewController.swift */; };
		2ABF437F24DE254000F7A747 /* Form1ViewController.swift in Sources */ = {isa = PBXBuildFile; fileRef = 2ABF437E24DE254000F7A747 /* Form1ViewController.swift */; };
		2ABF438124DE255B00F7A747 /* Form2ViewController.swift in Sources */ = {isa = PBXBuildFile; fileRef = 2ABF438024DE255B00F7A747 /* Form2ViewController.swift */; };
		2ABF438324DE256900F7A747 /* Form3ViewController.swift in Sources */ = {isa = PBXBuildFile; fileRef = 2ABF438224DE256900F7A747 /* Form3ViewController.swift */; };
/* End PBXBuildFile section */

/* Begin PBXContainerItemProxy section */
		2A00755224BD4A7000BB1AEA /* PBXContainerItemProxy */ = {
			isa = PBXContainerItemProxy;
			containerPortal = 2A00753324BD4A7000BB1AEA /* Project object */;
			proxyType = 1;
			remoteGlobalIDString = 2A00753A24BD4A7000BB1AEA;
			remoteInfo = mhsvictoria_ios;
		};
		2A00755D24BD4A7100BB1AEA /* PBXContainerItemProxy */ = {
			isa = PBXContainerItemProxy;
			containerPortal = 2A00753324BD4A7000BB1AEA /* Project object */;
			proxyType = 1;
			remoteGlobalIDString = 2A00753A24BD4A7000BB1AEA;
			remoteInfo = mhsvictoria_ios;
		};
		2A09FD94251294E500CDF9CF /* PBXContainerItemProxy */ = {
			isa = PBXContainerItemProxy;
			containerPortal = 2A09FD8F251294E500CDF9CF /* AppointmentKit.xcodeproj */;
			proxyType = 2;
			remoteGlobalIDString = 2A51D611221294E200F9DDE6;
			remoteInfo = AppointmentKit;
		};
		2A09FD96251294E500CDF9CF /* PBXContainerItemProxy */ = {
			isa = PBXContainerItemProxy;
			containerPortal = 2A09FD8F251294E500CDF9CF /* AppointmentKit.xcodeproj */;
			proxyType = 2;
			remoteGlobalIDString = 2A51D61A221294E200F9DDE6;
			remoteInfo = AppointmentKitTests;
		};
/* End PBXContainerItemProxy section */

/* Begin PBXCopyFilesBuildPhase section */
		2A2F124225241144007F097F /* Embed Frameworks */ = {
			isa = PBXCopyFilesBuildPhase;
			buildActionMask = 2147483647;
			dstPath = "";
			dstSubfolderSpec = 10;
			files = (
				2A2F124125241144007F097F /* AppointmentKit.framework in Embed Frameworks */,
			);
			name = "Embed Frameworks";
			runOnlyForDeploymentPostprocessing = 0;
		};
/* End PBXCopyFilesBuildPhase section */

/* Begin PBXFileReference section */
		2A00753B24BD4A7000BB1AEA /* mhsvictoria_ios.app */ = {isa = PBXFileReference; explicitFileType = wrapper.application; includeInIndex = 0; path = mhsvictoria_ios.app; sourceTree = BUILT_PRODUCTS_DIR; };
		2A00753E24BD4A7000BB1AEA /* AppDelegate.swift */ = {isa = PBXFileReference; lastKnownFileType = sourcecode.swift; path = AppDelegate.swift; sourceTree = "<group>"; };
		2A00754024BD4A7000BB1AEA /* SceneDelegate.swift */ = {isa = PBXFileReference; lastKnownFileType = sourcecode.swift; path = SceneDelegate.swift; sourceTree = "<group>"; };
		2A00754524BD4A7000BB1AEA /* Base */ = {isa = PBXFileReference; lastKnownFileType = file.storyboard; name = Base; path = Base.lproj/Main.storyboard; sourceTree = "<group>"; };
		2A00754724BD4A7000BB1AEA /* Assets.xcassets */ = {isa = PBXFileReference; lastKnownFileType = folder.assetcatalog; path = Assets.xcassets; sourceTree = "<group>"; };
		2A00754A24BD4A7000BB1AEA /* Base */ = {isa = PBXFileReference; lastKnownFileType = file.storyboard; name = Base; path = Base.lproj/LaunchScreen.storyboard; sourceTree = "<group>"; };
		2A00754C24BD4A7000BB1AEA /* Info.plist */ = {isa = PBXFileReference; lastKnownFileType = text.plist.xml; path = Info.plist; sourceTree = "<group>"; };
		2A00755124BD4A7000BB1AEA /* mhsvictoria_iosTests.xctest */ = {isa = PBXFileReference; explicitFileType = wrapper.cfbundle; includeInIndex = 0; path = mhsvictoria_iosTests.xctest; sourceTree = BUILT_PRODUCTS_DIR; };
		2A00755524BD4A7000BB1AEA /* mhsvictoria_iosTests.swift */ = {isa = PBXFileReference; lastKnownFileType = sourcecode.swift; path = mhsvictoria_iosTests.swift; sourceTree = "<group>"; };
		2A00755724BD4A7000BB1AEA /* Info.plist */ = {isa = PBXFileReference; lastKnownFileType = text.plist.xml; path = Info.plist; sourceTree = "<group>"; };
		2A00755C24BD4A7100BB1AEA /* mhsvictoria_iosUITests.xctest */ = {isa = PBXFileReference; explicitFileType = wrapper.cfbundle; includeInIndex = 0; path = mhsvictoria_iosUITests.xctest; sourceTree = BUILT_PRODUCTS_DIR; };
		2A00756024BD4A7100BB1AEA /* mhsvictoria_iosUITests.swift */ = {isa = PBXFileReference; lastKnownFileType = sourcecode.swift; path = mhsvictoria_iosUITests.swift; sourceTree = "<group>"; };
		2A00756224BD4A7100BB1AEA /* Info.plist */ = {isa = PBXFileReference; lastKnownFileType = text.plist.xml; path = Info.plist; sourceTree = "<group>"; };
		2A069C6725198E7500DCDFFE /* AppointmentDetailsView.swift */ = {isa = PBXFileReference; fileEncoding = 4; lastKnownFileType = sourcecode.swift; path = AppointmentDetailsView.swift; sourceTree = "<group>"; };
		2A069C6A25198E7500DCDFFE /* AppointmentCell.swift */ = {isa = PBXFileReference; fileEncoding = 4; lastKnownFileType = sourcecode.swift; path = AppointmentCell.swift; sourceTree = "<group>"; };
		2A069C6B25198E7500DCDFFE /* AppointmentFormView.swift */ = {isa = PBXFileReference; fileEncoding = 4; lastKnownFileType = sourcecode.swift; path = AppointmentFormView.swift; sourceTree = "<group>"; };
		2A069C7325198EA300DCDFFE /* DayCollectionViewCell.swift */ = {isa = PBXFileReference; fileEncoding = 4; lastKnownFileType = sourcecode.swift; path = DayCollectionViewCell.swift; sourceTree = "<group>"; };
		2A069C7525198EA300DCDFFE /* DaysCollectionView.swift */ = {isa = PBXFileReference; fileEncoding = 4; lastKnownFileType = sourcecode.swift; path = DaysCollectionView.swift; sourceTree = "<group>"; };
		2A069C7A25198EA300DCDFFE /* MonthViewController.swift */ = {isa = PBXFileReference; fileEncoding = 4; lastKnownFileType = sourcecode.swift; path = MonthViewController.swift; sourceTree = "<group>"; };
		2A069CAC2519B29F00DCDFFE /* ViewUtil.swift */ = {isa = PBXFileReference; fileEncoding = 4; lastKnownFileType = sourcecode.swift; path = ViewUtil.swift; sourceTree = "<group>"; };
		2A069CAF2519B33400DCDFFE /* CardView.swift */ = {isa = PBXFileReference; fileEncoding = 4; lastKnownFileType = sourcecode.swift; path = CardView.swift; sourceTree = "<group>"; };
		2A069CB7251A255200DCDFFE /* AppointmentDividerView.swift */ = {isa = PBXFileReference; fileEncoding = 4; lastKnownFileType = sourcecode.swift; path = AppointmentDividerView.swift; sourceTree = "<group>"; };
		2A069CB8251A255200DCDFFE /* ActionbarView.swift */ = {isa = PBXFileReference; fileEncoding = 4; lastKnownFileType = sourcecode.swift; path = ActionbarView.swift; sourceTree = "<group>"; };
		2A069CBB251A25AA00DCDFFE /* LogoBarView.swift */ = {isa = PBXFileReference; fileEncoding = 4; lastKnownFileType = sourcecode.swift; path = LogoBarView.swift; sourceTree = "<group>"; };
		2A069CBD251A25DE00DCDFFE /* ShadowedLabel.swift */ = {isa = PBXFileReference; fileEncoding = 4; lastKnownFileType = sourcecode.swift; path = ShadowedLabel.swift; sourceTree = "<group>"; };
		2A09FD67250D966600CDF9CF /* Localizable.strings */ = {isa = PBXFileReference; lastKnownFileType = text.plist.strings; path = Localizable.strings; sourceTree = "<group>"; };
		2A09FD69250D9A3E00CDF9CF /* Constants.swift */ = {isa = PBXFileReference; lastKnownFileType = sourcecode.swift; path = Constants.swift; sourceTree = "<group>"; };
		2A09FD8F251294E500CDF9CF /* AppointmentKit.xcodeproj */ = {isa = PBXFileReference; lastKnownFileType = "wrapper.pb-project"; name = AppointmentKit.xcodeproj; path = ../AppointmentKit/AppointmentKit.xcodeproj; sourceTree = "<group>"; };
		2A09FDA12512971900CDF9CF /* MhsgvTableViewCell.swift */ = {isa = PBXFileReference; lastKnownFileType = sourcecode.swift; path = MhsgvTableViewCell.swift; sourceTree = "<group>"; };
		2A09FDA32512973B00CDF9CF /* MasterTableViewController.swift */ = {isa = PBXFileReference; lastKnownFileType = sourcecode.swift; path = MasterTableViewController.swift; sourceTree = "<group>"; };
		2A09FDA72512988300CDF9CF /* AppointmentViewController.swift */ = {isa = PBXFileReference; lastKnownFileType = sourcecode.swift; path = AppointmentViewController.swift; sourceTree = "<group>"; };
		2A09FDAD25129DB200CDF9CF /* HeaderView.swift */ = {isa = PBXFileReference; lastKnownFileType = sourcecode.swift; path = HeaderView.swift; sourceTree = "<group>"; };
		2A09FDB12512A04A00CDF9CF /* FontUtil.swift */ = {isa = PBXFileReference; lastKnownFileType = sourcecode.swift; path = FontUtil.swift; sourceTree = "<group>"; };
		2A2F10BA251E356B007F097F /* Resource.swift */ = {isa = PBXFileReference; lastKnownFileType = sourcecode.swift; path = Resource.swift; sourceTree = "<group>"; };
		2A2F10BC251E3693007F097F /* ResourceManager.swift */ = {isa = PBXFileReference; lastKnownFileType = sourcecode.swift; path = ResourceManager.swift; sourceTree = "<group>"; };
		2A2F10C3251EA3C0007F097F /* MapViewController.swift */ = {isa = PBXFileReference; lastKnownFileType = sourcecode.swift; path = MapViewController.swift; sourceTree = "<group>"; };
		2A2F123025237763007F097F /* CustomPageControl.swift */ = {isa = PBXFileReference; lastKnownFileType = sourcecode.swift; path = CustomPageControl.swift; sourceTree = "<group>"; };
		2A2F12382523807A007F097F /* MonthHeaderView.swift */ = {isa = PBXFileReference; lastKnownFileType = sourcecode.swift; path = MonthHeaderView.swift; sourceTree = "<group>"; };
		2A2F124D252503C0007F097F /* WebClient.swift */ = {isa = PBXFileReference; fileEncoding = 4; lastKnownFileType = sourcecode.swift; path = WebClient.swift; sourceTree = "<group>"; };
		2A2F124E252503C0007F097F /* BrowserViewController.swift */ = {isa = PBXFileReference; fileEncoding = 4; lastKnownFileType = sourcecode.swift; path = BrowserViewController.swift; sourceTree = "<group>"; };
		2A57ADAC24DB30A400F9A9ED /* brain_sm.png */ = {isa = PBXFileReference; lastKnownFileType = image.png; path = brain_sm.png; sourceTree = "<group>"; };
		2A57ADAE24DB313A00F9A9ED /* brain_sm_rot.png */ = {isa = PBXFileReference; lastKnownFileType = image.png; path = brain_sm_rot.png; sourceTree = "<group>"; };
		2A5DEDE124D595830076AEE4 /* brain_lrg.png */ = {isa = PBXFileReference; lastKnownFileType = image.png; path = brain_lrg.png; sourceTree = "<group>"; };
		2A5DEDE324D5983C0076AEE4 /* brain_lt.png */ = {isa = PBXFileReference; lastKnownFileType = image.png; path = brain_lt.png; sourceTree = "<group>"; };
		2A5DEDE524D59D370076AEE4 /* brain_white.png */ = {isa = PBXFileReference; lastKnownFileType = image.png; path = brain_white.png; sourceTree = "<group>"; };
		2A6291AC24CBB39000B8E43D /* mnsgv_bg.png */ = {isa = PBXFileReference; lastKnownFileType = image.png; path = mnsgv_bg.png; sourceTree = "<group>"; };
		2A6291AD24CBB39000B8E43D /* mnsgv_bg_3.png */ = {isa = PBXFileReference; lastKnownFileType = image.png; path = mnsgv_bg_3.png; sourceTree = "<group>"; };
		2ABF437024DE07E200F7A747 /* ColorPalette.swift */ = {isa = PBXFileReference; lastKnownFileType = sourcecode.swift; path = ColorPalette.swift; sourceTree = "<group>"; };
		2ABF437824DE247000F7A747 /* BaseViewController.swift */ = {isa = PBXFileReference; fileEncoding = 4; lastKnownFileType = sourcecode.swift; path = BaseViewController.swift; sourceTree = "<group>"; };
		2ABF437924DE247000F7A747 /* MainViewController.swift */ = {isa = PBXFileReference; fileEncoding = 4; lastKnownFileType = sourcecode.swift; path = MainViewController.swift; sourceTree = "<group>"; };
		2ABF437A24DE247000F7A747 /* MhsgvPageViewController.swift */ = {isa = PBXFileReference; fileEncoding = 4; lastKnownFileType = sourcecode.swift; path = MhsgvPageViewController.swift; sourceTree = "<group>"; };
		2ABF437E24DE254000F7A747 /* Form1ViewController.swift */ = {isa = PBXFileReference; lastKnownFileType = sourcecode.swift; path = Form1ViewController.swift; sourceTree = "<group>"; };
		2ABF438024DE255B00F7A747 /* Form2ViewController.swift */ = {isa = PBXFileReference; lastKnownFileType = sourcecode.swift; path = Form2ViewController.swift; sourceTree = "<group>"; };
		2ABF438224DE256900F7A747 /* Form3ViewController.swift */ = {isa = PBXFileReference; lastKnownFileType = sourcecode.swift; path = Form3ViewController.swift; sourceTree = "<group>"; };
/* End PBXFileReference section */

/* Begin PBXFrameworksBuildPhase section */
		2A00753824BD4A7000BB1AEA /* Frameworks */ = {
			isa = PBXFrameworksBuildPhase;
			buildActionMask = 2147483647;
			files = (
				2A2F124025241144007F097F /* AppointmentKit.framework in Frameworks */,
			);
			runOnlyForDeploymentPostprocessing = 0;
		};
		2A00754E24BD4A7000BB1AEA /* Frameworks */ = {
			isa = PBXFrameworksBuildPhase;
			buildActionMask = 2147483647;
			files = (
			);
			runOnlyForDeploymentPostprocessing = 0;
		};
		2A00755924BD4A7100BB1AEA /* Frameworks */ = {
			isa = PBXFrameworksBuildPhase;
			buildActionMask = 2147483647;
			files = (
			);
			runOnlyForDeploymentPostprocessing = 0;
		};
/* End PBXFrameworksBuildPhase section */

/* Begin PBXGroup section */
		2A00753224BD4A7000BB1AEA = {
			isa = PBXGroup;
			children = (
				2A09FD8F251294E500CDF9CF /* AppointmentKit.xcodeproj */,
				2A00753D24BD4A7000BB1AEA /* mhsvictoria_ios */,
				2A00755424BD4A7000BB1AEA /* mhsvictoria_iosTests */,
				2A00755F24BD4A7100BB1AEA /* mhsvictoria_iosUITests */,
				2A00753C24BD4A7000BB1AEA /* Products */,
				2A09FD9C2512959200CDF9CF /* Frameworks */,
			);
			sourceTree = "<group>";
		};
		2A00753C24BD4A7000BB1AEA /* Products */ = {
			isa = PBXGroup;
			children = (
				2A00753B24BD4A7000BB1AEA /* mhsvictoria_ios.app */,
				2A00755124BD4A7000BB1AEA /* mhsvictoria_iosTests.xctest */,
				2A00755C24BD4A7100BB1AEA /* mhsvictoria_iosUITests.xctest */,
			);
			name = Products;
			sourceTree = "<group>";
		};
		2A00753D24BD4A7000BB1AEA /* mhsvictoria_ios */ = {
			isa = PBXGroup;
			children = (
				2A2F124525250340007F097F /* network */,
				2A2F10C0251EA3AB007F097F /* map */,
				2A2F10B9251E3558007F097F /* resource */,
				2A069CAE2519B31A00DCDFFE /* view */,
				2A09FDA62512986400CDF9CF /* appointment */,
				2A09FDA52512981B00CDF9CF /* form */,
				2A09FDA0251296F400CDF9CF /* navigation */,
				2A09FD66250D964100CDF9CF /* Supporting Files */,
				2ABF436F24DE07CD00F7A747 /* utils */,
				2A6291AB24CBB36C00B8E43D /* images */,
				2A00753E24BD4A7000BB1AEA /* AppDelegate.swift */,
				2A00754024BD4A7000BB1AEA /* SceneDelegate.swift */,
				2A00754424BD4A7000BB1AEA /* Main.storyboard */,
				2A00754724BD4A7000BB1AEA /* Assets.xcassets */,
				2A00754924BD4A7000BB1AEA /* LaunchScreen.storyboard */,
				2A00754C24BD4A7000BB1AEA /* Info.plist */,
			);
			path = mhsvictoria_ios;
			sourceTree = "<group>";
		};
		2A00755424BD4A7000BB1AEA /* mhsvictoria_iosTests */ = {
			isa = PBXGroup;
			children = (
				2A00755524BD4A7000BB1AEA /* mhsvictoria_iosTests.swift */,
				2A00755724BD4A7000BB1AEA /* Info.plist */,
			);
			path = mhsvictoria_iosTests;
			sourceTree = "<group>";
		};
		2A00755F24BD4A7100BB1AEA /* mhsvictoria_iosUITests */ = {
			isa = PBXGroup;
			children = (
				2A00756024BD4A7100BB1AEA /* mhsvictoria_iosUITests.swift */,
				2A00756224BD4A7100BB1AEA /* Info.plist */,
			);
			path = mhsvictoria_iosUITests;
			sourceTree = "<group>";
		};
		2A069C6F25198E7A00DCDFFE /* calendar */ = {
			isa = PBXGroup;
			children = (
				2A069C7325198EA300DCDFFE /* DayCollectionViewCell.swift */,
				2A069C7525198EA300DCDFFE /* DaysCollectionView.swift */,
				2A069C7A25198EA300DCDFFE /* MonthViewController.swift */,
				2A2F12382523807A007F097F /* MonthHeaderView.swift */,
			);
			path = calendar;
			sourceTree = "<group>";
		};
		2A069CAE2519B31A00DCDFFE /* view */ = {
			isa = PBXGroup;
			children = (
				2A069CBD251A25DE00DCDFFE /* ShadowedLabel.swift */,
				2A069CBB251A25AA00DCDFFE /* LogoBarView.swift */,
				2A069CB8251A255200DCDFFE /* ActionbarView.swift */,
				2A069CB7251A255200DCDFFE /* AppointmentDividerView.swift */,
				2A09FDAD25129DB200CDF9CF /* HeaderView.swift */,
				2A069CAF2519B33400DCDFFE /* CardView.swift */,
			);
			path = view;
			sourceTree = "<group>";
		};
		2A09FD66250D964100CDF9CF /* Supporting Files */ = {
			isa = PBXGroup;
			children = (
				2A09FD67250D966600CDF9CF /* Localizable.strings */,
			);
			path = "Supporting Files";
			sourceTree = "<group>";
		};
		2A09FD90251294E500CDF9CF /* Products */ = {
			isa = PBXGroup;
			children = (
				2A09FD95251294E500CDF9CF /* AppointmentKit.framework */,
				2A09FD97251294E500CDF9CF /* AppointmentKitTests.xctest */,
			);
			name = Products;
			sourceTree = "<group>";
		};
		2A09FD9C2512959200CDF9CF /* Frameworks */ = {
			isa = PBXGroup;
			children = (
			);
			name = Frameworks;
			sourceTree = "<group>";
		};
		2A09FDA0251296F400CDF9CF /* navigation */ = {
			isa = PBXGroup;
			children = (
				2A09FDA12512971900CDF9CF /* MhsgvTableViewCell.swift */,
				2A09FDA32512973B00CDF9CF /* MasterTableViewController.swift */,
			);
			path = navigation;
			sourceTree = "<group>";
		};
		2A09FDA52512981B00CDF9CF /* form */ = {
			isa = PBXGroup;
			children = (
				2ABF437824DE247000F7A747 /* BaseViewController.swift */,
				2ABF437E24DE254000F7A747 /* Form1ViewController.swift */,
				2ABF438024DE255B00F7A747 /* Form2ViewController.swift */,
				2ABF438224DE256900F7A747 /* Form3ViewController.swift */,
				2ABF437924DE247000F7A747 /* MainViewController.swift */,
				2ABF437A24DE247000F7A747 /* MhsgvPageViewController.swift */,
				2A2F123025237763007F097F /* CustomPageControl.swift */,
			);
			path = form;
			sourceTree = "<group>";
		};
		2A09FDA62512986400CDF9CF /* appointment */ = {
			isa = PBXGroup;
			children = (
				2A069C6F25198E7A00DCDFFE /* calendar */,
				2A069C6A25198E7500DCDFFE /* AppointmentCell.swift */,
				2A069C6725198E7500DCDFFE /* AppointmentDetailsView.swift */,
				2A069C6B25198E7500DCDFFE /* AppointmentFormView.swift */,
				2A09FDA72512988300CDF9CF /* AppointmentViewController.swift */,
			);
			path = appointment;
			sourceTree = "<group>";
		};
		2A2F10B9251E3558007F097F /* resource */ = {
			isa = PBXGroup;
			children = (
				2A2F10BA251E356B007F097F /* Resource.swift */,
				2A2F10BC251E3693007F097F /* ResourceManager.swift */,
			);
			path = resource;
			sourceTree = "<group>";
		};
		2A2F10C0251EA3AB007F097F /* map */ = {
			isa = PBXGroup;
			children = (
				2A2F10C3251EA3C0007F097F /* MapViewController.swift */,
			);
			path = map;
			sourceTree = "<group>";
		};
		2A2F124525250340007F097F /* network */ = {
			isa = PBXGroup;
			children = (
				2A2F124E252503C0007F097F /* BrowserViewController.swift */,
				2A2F124D252503C0007F097F /* WebClient.swift */,
			);
			path = network;
			sourceTree = "<group>";
		};
		2A6291AB24CBB36C00B8E43D /* images */ = {
			isa = PBXGroup;
			children = (
				2A57ADAE24DB313A00F9A9ED /* brain_sm_rot.png */,
				2A57ADAC24DB30A400F9A9ED /* brain_sm.png */,
				2A5DEDE524D59D370076AEE4 /* brain_white.png */,
				2A5DEDE324D5983C0076AEE4 /* brain_lt.png */,
				2A5DEDE124D595830076AEE4 /* brain_lrg.png */,
				2A6291AD24CBB39000B8E43D /* mnsgv_bg_3.png */,
				2A6291AC24CBB39000B8E43D /* mnsgv_bg.png */,
			);
			path = images;
			sourceTree = "<group>";
		};
		2ABF436F24DE07CD00F7A747 /* utils */ = {
			isa = PBXGroup;
			children = (
				2A069CAC2519B29F00DCDFFE /* ViewUtil.swift */,
				2ABF437024DE07E200F7A747 /* ColorPalette.swift */,
				2A09FD69250D9A3E00CDF9CF /* Constants.swift */,
				2A09FDB12512A04A00CDF9CF /* FontUtil.swift */,
			);
			path = utils;
			sourceTree = "<group>";
		};
/* End PBXGroup section */

/* Begin PBXNativeTarget section */
		2A00753A24BD4A7000BB1AEA /* mhsvictoria_ios */ = {
			isa = PBXNativeTarget;
			buildConfigurationList = 2A00756524BD4A7100BB1AEA /* Build configuration list for PBXNativeTarget "mhsvictoria_ios" */;
			buildPhases = (
				2A00753724BD4A7000BB1AEA /* Sources */,
				2A00753824BD4A7000BB1AEA /* Frameworks */,
				2A00753924BD4A7000BB1AEA /* Resources */,
				2A2F124225241144007F097F /* Embed Frameworks */,
			);
			buildRules = (
			);
			dependencies = (
			);
			name = mhsvictoria_ios;
			productName = mhsvictoria_ios;
			productReference = 2A00753B24BD4A7000BB1AEA /* mhsvictoria_ios.app */;
			productType = "com.apple.product-type.application";
		};
		2A00755024BD4A7000BB1AEA /* mhsvictoria_iosTests */ = {
			isa = PBXNativeTarget;
			buildConfigurationList = 2A00756824BD4A7100BB1AEA /* Build configuration list for PBXNativeTarget "mhsvictoria_iosTests" */;
			buildPhases = (
				2A00754D24BD4A7000BB1AEA /* Sources */,
				2A00754E24BD4A7000BB1AEA /* Frameworks */,
				2A00754F24BD4A7000BB1AEA /* Resources */,
			);
			buildRules = (
			);
			dependencies = (
				2A00755324BD4A7000BB1AEA /* PBXTargetDependency */,
			);
			name = mhsvictoria_iosTests;
			productName = mhsvictoria_iosTests;
			productReference = 2A00755124BD4A7000BB1AEA /* mhsvictoria_iosTests.xctest */;
			productType = "com.apple.product-type.bundle.unit-test";
		};
		2A00755B24BD4A7100BB1AEA /* mhsvictoria_iosUITests */ = {
			isa = PBXNativeTarget;
			buildConfigurationList = 2A00756B24BD4A7100BB1AEA /* Build configuration list for PBXNativeTarget "mhsvictoria_iosUITests" */;
			buildPhases = (
				2A00755824BD4A7100BB1AEA /* Sources */,
				2A00755924BD4A7100BB1AEA /* Frameworks */,
				2A00755A24BD4A7100BB1AEA /* Resources */,
			);
			buildRules = (
			);
			dependencies = (
				2A00755E24BD4A7100BB1AEA /* PBXTargetDependency */,
			);
			name = mhsvictoria_iosUITests;
			productName = mhsvictoria_iosUITests;
			productReference = 2A00755C24BD4A7100BB1AEA /* mhsvictoria_iosUITests.xctest */;
			productType = "com.apple.product-type.bundle.ui-testing";
		};
/* End PBXNativeTarget section */

/* Begin PBXProject section */
		2A00753324BD4A7000BB1AEA /* Project object */ = {
			isa = PBXProject;
			attributes = {
				LastSwiftUpdateCheck = 1150;
				LastUpgradeCheck = 1150;
				ORGANIZATIONNAME = "Ron Allan";
				TargetAttributes = {
					2A00753A24BD4A7000BB1AEA = {
						CreatedOnToolsVersion = 11.5;
					};
					2A00755024BD4A7000BB1AEA = {
						CreatedOnToolsVersion = 11.5;
						TestTargetID = 2A00753A24BD4A7000BB1AEA;
					};
					2A00755B24BD4A7100BB1AEA = {
						CreatedOnToolsVersion = 11.5;
						TestTargetID = 2A00753A24BD4A7000BB1AEA;
					};
				};
			};
			buildConfigurationList = 2A00753624BD4A7000BB1AEA /* Build configuration list for PBXProject "mhsvictoria_ios" */;
			compatibilityVersion = "Xcode 9.3";
			developmentRegion = en;
			hasScannedForEncodings = 0;
			knownRegions = (
				en,
				Base,
			);
			mainGroup = 2A00753224BD4A7000BB1AEA;
			productRefGroup = 2A00753C24BD4A7000BB1AEA /* Products */;
			projectDirPath = "";
			projectReferences = (
				{
					ProductGroup = 2A09FD90251294E500CDF9CF /* Products */;
					ProjectRef = 2A09FD8F251294E500CDF9CF /* AppointmentKit.xcodeproj */;
				},
			);
			projectRoot = "";
			targets = (
				2A00753A24BD4A7000BB1AEA /* mhsvictoria_ios */,
				2A00755024BD4A7000BB1AEA /* mhsvictoria_iosTests */,
				2A00755B24BD4A7100BB1AEA /* mhsvictoria_iosUITests */,
			);
		};
/* End PBXProject section */

/* Begin PBXReferenceProxy section */
		2A09FD95251294E500CDF9CF /* AppointmentKit.framework */ = {
			isa = PBXReferenceProxy;
			fileType = wrapper.framework;
			path = AppointmentKit.framework;
			remoteRef = 2A09FD94251294E500CDF9CF /* PBXContainerItemProxy */;
			sourceTree = BUILT_PRODUCTS_DIR;
		};
		2A09FD97251294E500CDF9CF /* AppointmentKitTests.xctest */ = {
			isa = PBXReferenceProxy;
			fileType = wrapper.cfbundle;
			path = AppointmentKitTests.xctest;
			remoteRef = 2A09FD96251294E500CDF9CF /* PBXContainerItemProxy */;
			sourceTree = BUILT_PRODUCTS_DIR;
		};
/* End PBXReferenceProxy section */

/* Begin PBXResourcesBuildPhase section */
		2A00753924BD4A7000BB1AEA /* Resources */ = {
			isa = PBXResourcesBuildPhase;
			buildActionMask = 2147483647;
			files = (
				2A5DEDE224D595830076AEE4 /* brain_lrg.png in Resources */,
				2A00754B24BD4A7000BB1AEA /* LaunchScreen.storyboard in Resources */,
				2A09FD68250D966600CDF9CF /* Localizable.strings in Resources */,
				2A57ADAD24DB30A400F9A9ED /* brain_sm.png in Resources */,
				2A00754824BD4A7000BB1AEA /* Assets.xcassets in Resources */,
				2A57ADAF24DB313A00F9A9ED /* brain_sm_rot.png in Resources */,
				2A6291AE24CBB39000B8E43D /* mnsgv_bg.png in Resources */,
				2A5DEDE424D5983C0076AEE4 /* brain_lt.png in Resources */,
				2A00754624BD4A7000BB1AEA /* Main.storyboard in Resources */,
				2A5DEDE624D59D370076AEE4 /* brain_white.png in Resources */,
				2A6291AF24CBB39000B8E43D /* mnsgv_bg_3.png in Resources */,
			);
			runOnlyForDeploymentPostprocessing = 0;
		};
		2A00754F24BD4A7000BB1AEA /* Resources */ = {
			isa = PBXResourcesBuildPhase;
			buildActionMask = 2147483647;
			files = (
			);
			runOnlyForDeploymentPostprocessing = 0;
		};
		2A00755A24BD4A7100BB1AEA /* Resources */ = {
			isa = PBXResourcesBuildPhase;
			buildActionMask = 2147483647;
			files = (
			);
			runOnlyForDeploymentPostprocessing = 0;
		};
/* End PBXResourcesBuildPhase section */

/* Begin PBXSourcesBuildPhase section */
		2A00753724BD4A7000BB1AEA /* Sources */ = {
			isa = PBXSourcesBuildPhase;
			buildActionMask = 2147483647;
			files = (
				2A069CB9251A255200DCDFFE /* AppointmentDividerView.swift in Sources */,
				2A2F12392523807A007F097F /* MonthHeaderView.swift in Sources */,
				2A069CBC251A25AA00DCDFFE /* LogoBarView.swift in Sources */,
				2A09FD6A250D9A3E00CDF9CF /* Constants.swift in Sources */,
				2A00753F24BD4A7000BB1AEA /* AppDelegate.swift in Sources */,
				2A09FDA22512971900CDF9CF /* MhsgvTableViewCell.swift in Sources */,
				2A069C8025198EA300DCDFFE /* DaysCollectionView.swift in Sources */,
				2A069C6D25198E7500DCDFFE /* AppointmentCell.swift in Sources */,
				2A2F10C4251EA3C0007F097F /* MapViewController.swift in Sources */,
				2A069C8525198EA300DCDFFE /* MonthViewController.swift in Sources */,
				2A2F10BB251E356B007F097F /* Resource.swift in Sources */,
				2ABF438124DE255B00F7A747 /* Form2ViewController.swift in Sources */,
				2ABF437D24DE247000F7A747 /* MhsgvPageViewController.swift in Sources */,
				2A069CB02519B33400DCDFFE /* CardView.swift in Sources */,
				2A09FDB22512A04A00CDF9CF /* FontUtil.swift in Sources */,
				2A00754124BD4A7000BB1AEA /* SceneDelegate.swift in Sources */,
				2A069CBA251A255200DCDFFE /* ActionbarView.swift in Sources */,
				2A069C6C25198E7500DCDFFE /* AppointmentDetailsView.swift in Sources */,
				2A09FDA82512988300CDF9CF /* AppointmentViewController.swift in Sources */,
				2A2F1250252503C0007F097F /* BrowserViewController.swift in Sources */,
				2A2F10BD251E3693007F097F /* ResourceManager.swift in Sources */,
				2A069CAD2519B29F00DCDFFE /* ViewUtil.swift in Sources */,
				2ABF437B24DE247000F7A747 /* BaseViewController.swift in Sources */,
				2A069C7E25198EA300DCDFFE /* DayCollectionViewCell.swift in Sources */,
				2ABF437124DE07E200F7A747 /* ColorPalette.swift in Sources */,
				2ABF437F24DE254000F7A747 /* Form1ViewController.swift in Sources */,
				2A09FDA42512973B00CDF9CF /* MasterTableViewController.swift in Sources */,
				2ABF438324DE256900F7A747 /* Form3ViewController.swift in Sources */,
				2ABF437C24DE247000F7A747 /* MainViewController.swift in Sources */,
				2A069CBE251A25DE00DCDFFE /* ShadowedLabel.swift in Sources */,
				2A2F124F252503C0007F097F /* WebClient.swift in Sources */,
				2A069C6E25198E7500DCDFFE /* AppointmentFormView.swift in Sources */,
				2A09FDAE25129DB200CDF9CF /* HeaderView.swift in Sources */,
				2A2F123125237763007F097F /* CustomPageControl.swift in Sources */,
			);
			runOnlyForDeploymentPostprocessing = 0;
		};
		2A00754D24BD4A7000BB1AEA /* Sources */ = {
			isa = PBXSourcesBuildPhase;
			buildActionMask = 2147483647;
			files = (
				2A00755624BD4A7000BB1AEA /* mhsvictoria_iosTests.swift in Sources */,
			);
			runOnlyForDeploymentPostprocessing = 0;
		};
		2A00755824BD4A7100BB1AEA /* Sources */ = {
			isa = PBXSourcesBuildPhase;
			buildActionMask = 2147483647;
			files = (
				2A00756124BD4A7100BB1AEA /* mhsvictoria_iosUITests.swift in Sources */,
			);
			runOnlyForDeploymentPostprocessing = 0;
		};
/* End PBXSourcesBuildPhase section */

/* Begin PBXTargetDependency section */
		2A00755324BD4A7000BB1AEA /* PBXTargetDependency */ = {
			isa = PBXTargetDependency;
			target = 2A00753A24BD4A7000BB1AEA /* mhsvictoria_ios */;
			targetProxy = 2A00755224BD4A7000BB1AEA /* PBXContainerItemProxy */;
		};
		2A00755E24BD4A7100BB1AEA /* PBXTargetDependency */ = {
			isa = PBXTargetDependency;
			target = 2A00753A24BD4A7000BB1AEA /* mhsvictoria_ios */;
			targetProxy = 2A00755D24BD4A7100BB1AEA /* PBXContainerItemProxy */;
		};
/* End PBXTargetDependency section */

/* Begin PBXVariantGroup section */
		2A00754424BD4A7000BB1AEA /* Main.storyboard */ = {
			isa = PBXVariantGroup;
			children = (
				2A00754524BD4A7000BB1AEA /* Base */,
			);
			name = Main.storyboard;
			sourceTree = "<group>";
		};
		2A00754924BD4A7000BB1AEA /* LaunchScreen.storyboard */ = {
			isa = PBXVariantGroup;
			children = (
				2A00754A24BD4A7000BB1AEA /* Base */,
			);
			name = LaunchScreen.storyboard;
			sourceTree = "<group>";
		};
/* End PBXVariantGroup section */

/* Begin XCBuildConfiguration section */
		2A00756324BD4A7100BB1AEA /* Debug */ = {
			isa = XCBuildConfiguration;
			buildSettings = {
				ALWAYS_SEARCH_USER_PATHS = NO;
				CLANG_ANALYZER_NONNULL = YES;
				CLANG_ANALYZER_NUMBER_OBJECT_CONVERSION = YES_AGGRESSIVE;
				CLANG_CXX_LANGUAGE_STANDARD = "gnu++14";
				CLANG_CXX_LIBRARY = "libc++";
				CLANG_ENABLE_MODULES = YES;
				CLANG_ENABLE_OBJC_ARC = YES;
				CLANG_ENABLE_OBJC_WEAK = YES;
				CLANG_WARN_BLOCK_CAPTURE_AUTORELEASING = YES;
				CLANG_WARN_BOOL_CONVERSION = YES;
				CLANG_WARN_COMMA = YES;
				CLANG_WARN_CONSTANT_CONVERSION = YES;
				CLANG_WARN_DEPRECATED_OBJC_IMPLEMENTATIONS = YES;
				CLANG_WARN_DIRECT_OBJC_ISA_USAGE = YES_ERROR;
				CLANG_WARN_DOCUMENTATION_COMMENTS = YES;
				CLANG_WARN_EMPTY_BODY = YES;
				CLANG_WARN_ENUM_CONVERSION = YES;
				CLANG_WARN_INFINITE_RECURSION = YES;
				CLANG_WARN_INT_CONVERSION = YES;
				CLANG_WARN_NON_LITERAL_NULL_CONVERSION = YES;
				CLANG_WARN_OBJC_IMPLICIT_RETAIN_SELF = YES;
				CLANG_WARN_OBJC_LITERAL_CONVERSION = YES;
				CLANG_WARN_OBJC_ROOT_CLASS = YES_ERROR;
				CLANG_WARN_RANGE_LOOP_ANALYSIS = YES;
				CLANG_WARN_STRICT_PROTOTYPES = YES;
				CLANG_WARN_SUSPICIOUS_MOVE = YES;
				CLANG_WARN_UNGUARDED_AVAILABILITY = YES_AGGRESSIVE;
				CLANG_WARN_UNREACHABLE_CODE = YES;
				CLANG_WARN__DUPLICATE_METHOD_MATCH = YES;
				COPY_PHASE_STRIP = NO;
				DEBUG_INFORMATION_FORMAT = dwarf;
				ENABLE_STRICT_OBJC_MSGSEND = YES;
				ENABLE_TESTABILITY = YES;
				GCC_C_LANGUAGE_STANDARD = gnu11;
				GCC_DYNAMIC_NO_PIC = NO;
				GCC_NO_COMMON_BLOCKS = YES;
				GCC_OPTIMIZATION_LEVEL = 0;
				GCC_PREPROCESSOR_DEFINITIONS = (
					"DEBUG=1",
					"$(inherited)",
				);
				GCC_WARN_64_TO_32_BIT_CONVERSION = YES;
				GCC_WARN_ABOUT_RETURN_TYPE = YES_ERROR;
				GCC_WARN_UNDECLARED_SELECTOR = YES;
				GCC_WARN_UNINITIALIZED_AUTOS = YES_AGGRESSIVE;
				GCC_WARN_UNUSED_FUNCTION = YES;
				GCC_WARN_UNUSED_VARIABLE = YES;
				IPHONEOS_DEPLOYMENT_TARGET = 13.5;
				MTL_ENABLE_DEBUG_INFO = INCLUDE_SOURCE;
				MTL_FAST_MATH = YES;
				ONLY_ACTIVE_ARCH = YES;
				SDKROOT = iphoneos;
				SWIFT_ACTIVE_COMPILATION_CONDITIONS = DEBUG;
				SWIFT_OPTIMIZATION_LEVEL = "-Onone";
			};
			name = Debug;
		};
		2A00756424BD4A7100BB1AEA /* Release */ = {
			isa = XCBuildConfiguration;
			buildSettings = {
				ALWAYS_SEARCH_USER_PATHS = NO;
				CLANG_ANALYZER_NONNULL = YES;
				CLANG_ANALYZER_NUMBER_OBJECT_CONVERSION = YES_AGGRESSIVE;
				CLANG_CXX_LANGUAGE_STANDARD = "gnu++14";
				CLANG_CXX_LIBRARY = "libc++";
				CLANG_ENABLE_MODULES = YES;
				CLANG_ENABLE_OBJC_ARC = YES;
				CLANG_ENABLE_OBJC_WEAK = YES;
				CLANG_WARN_BLOCK_CAPTURE_AUTORELEASING = YES;
				CLANG_WARN_BOOL_CONVERSION = YES;
				CLANG_WARN_COMMA = YES;
				CLANG_WARN_CONSTANT_CONVERSION = YES;
				CLANG_WARN_DEPRECATED_OBJC_IMPLEMENTATIONS = YES;
				CLANG_WARN_DIRECT_OBJC_ISA_USAGE = YES_ERROR;
				CLANG_WARN_DOCUMENTATION_COMMENTS = YES;
				CLANG_WARN_EMPTY_BODY = YES;
				CLANG_WARN_ENUM_CONVERSION = YES;
				CLANG_WARN_INFINITE_RECURSION = YES;
				CLANG_WARN_INT_CONVERSION = YES;
				CLANG_WARN_NON_LITERAL_NULL_CONVERSION = YES;
				CLANG_WARN_OBJC_IMPLICIT_RETAIN_SELF = YES;
				CLANG_WARN_OBJC_LITERAL_CONVERSION = YES;
				CLANG_WARN_OBJC_ROOT_CLASS = YES_ERROR;
				CLANG_WARN_RANGE_LOOP_ANALYSIS = YES;
				CLANG_WARN_STRICT_PROTOTYPES = YES;
				CLANG_WARN_SUSPICIOUS_MOVE = YES;
				CLANG_WARN_UNGUARDED_AVAILABILITY = YES_AGGRESSIVE;
				CLANG_WARN_UNREACHABLE_CODE = YES;
				CLANG_WARN__DUPLICATE_METHOD_MATCH = YES;
				COPY_PHASE_STRIP = NO;
				DEBUG_INFORMATION_FORMAT = "dwarf-with-dsym";
				ENABLE_NS_ASSERTIONS = NO;
				ENABLE_STRICT_OBJC_MSGSEND = YES;
				GCC_C_LANGUAGE_STANDARD = gnu11;
				GCC_NO_COMMON_BLOCKS = YES;
				GCC_WARN_64_TO_32_BIT_CONVERSION = YES;
				GCC_WARN_ABOUT_RETURN_TYPE = YES_ERROR;
				GCC_WARN_UNDECLARED_SELECTOR = YES;
				GCC_WARN_UNINITIALIZED_AUTOS = YES_AGGRESSIVE;
				GCC_WARN_UNUSED_FUNCTION = YES;
				GCC_WARN_UNUSED_VARIABLE = YES;
				IPHONEOS_DEPLOYMENT_TARGET = 13.5;
				MTL_ENABLE_DEBUG_INFO = NO;
				MTL_FAST_MATH = YES;
				SDKROOT = iphoneos;
				SWIFT_COMPILATION_MODE = wholemodule;
				SWIFT_OPTIMIZATION_LEVEL = "-O";
				VALIDATE_PRODUCT = YES;
			};
			name = Release;
		};
		2A00756624BD4A7100BB1AEA /* Debug */ = {
			isa = XCBuildConfiguration;
			buildSettings = {
				ASSETCATALOG_COMPILER_APPICON_NAME = AppIcon;
				CODE_SIGN_STYLE = Automatic;
				DEVELOPMENT_TEAM = X2A3RDFR7B;
				INFOPLIST_FILE = mhsvictoria_ios/Info.plist;
				LD_RUNPATH_SEARCH_PATHS = (
					"$(inherited)",
					"@executable_path/Frameworks",
				);
				PRODUCT_BUNDLE_IDENTIFIER = "org.mhsgv.portal.mhsvictoria-ios";
				PRODUCT_NAME = "$(TARGET_NAME)";
				SWIFT_VERSION = 5.0;
				TARGETED_DEVICE_FAMILY = "1,2";
			};
			name = Debug;
		};
		2A00756724BD4A7100BB1AEA /* Release */ = {
			isa = XCBuildConfiguration;
			buildSettings = {
				ASSETCATALOG_COMPILER_APPICON_NAME = AppIcon;
				CODE_SIGN_STYLE = Automatic;
				DEVELOPMENT_TEAM = X2A3RDFR7B;
				INFOPLIST_FILE = mhsvictoria_ios/Info.plist;
				LD_RUNPATH_SEARCH_PATHS = (
					"$(inherited)",
					"@executable_path/Frameworks",
				);
				PRODUCT_BUNDLE_IDENTIFIER = "org.mhsgv.portal.mhsvictoria-ios";
				PRODUCT_NAME = "$(TARGET_NAME)";
				SWIFT_VERSION = 5.0;
				TARGETED_DEVICE_FAMILY = "1,2";
			};
			name = Release;
		};
		2A00756924BD4A7100BB1AEA /* Debug */ = {
			isa = XCBuildConfiguration;
			buildSettings = {
				ALWAYS_EMBED_SWIFT_STANDARD_LIBRARIES = YES;
				BUNDLE_LOADER = "$(TEST_HOST)";
				CODE_SIGN_STYLE = Automatic;
				DEVELOPMENT_TEAM = C98XPK248W;
				INFOPLIST_FILE = mhsvictoria_iosTests/Info.plist;
				IPHONEOS_DEPLOYMENT_TARGET = 13.5;
				LD_RUNPATH_SEARCH_PATHS = (
					"$(inherited)",
					"@executable_path/Frameworks",
					"@loader_path/Frameworks",
				);
				PRODUCT_BUNDLE_IDENTIFIER = "org.mhsgv.portal.mhsvictoria-iosTests";
				PRODUCT_NAME = "$(TARGET_NAME)";
				SWIFT_VERSION = 5.0;
				TARGETED_DEVICE_FAMILY = "1,2";
				TEST_HOST = "$(BUILT_PRODUCTS_DIR)/mhsvictoria_ios.app/mhsvictoria_ios";
			};
			name = Debug;
		};
		2A00756A24BD4A7100BB1AEA /* Release */ = {
			isa = XCBuildConfiguration;
			buildSettings = {
				ALWAYS_EMBED_SWIFT_STANDARD_LIBRARIES = YES;
				BUNDLE_LOADER = "$(TEST_HOST)";
				CODE_SIGN_STYLE = Automatic;
				DEVELOPMENT_TEAM = C98XPK248W;
				INFOPLIST_FILE = mhsvictoria_iosTests/Info.plist;
				IPHONEOS_DEPLOYMENT_TARGET = 13.5;
				LD_RUNPATH_SEARCH_PATHS = (
					"$(inherited)",
					"@executable_path/Frameworks",
					"@loader_path/Frameworks",
				);
				PRODUCT_BUNDLE_IDENTIFIER = "org.mhsgv.portal.mhsvictoria-iosTests";
				PRODUCT_NAME = "$(TARGET_NAME)";
				SWIFT_VERSION = 5.0;
				TARGETED_DEVICE_FAMILY = "1,2";
				TEST_HOST = "$(BUILT_PRODUCTS_DIR)/mhsvictoria_ios.app/mhsvictoria_ios";
			};
			name = Release;
		};
		2A00756C24BD4A7100BB1AEA /* Debug */ = {
			isa = XCBuildConfiguration;
			buildSettings = {
				ALWAYS_EMBED_SWIFT_STANDARD_LIBRARIES = YES;
				CODE_SIGN_STYLE = Automatic;
				DEVELOPMENT_TEAM = C98XPK248W;
				INFOPLIST_FILE = mhsvictoria_iosUITests/Info.plist;
				LD_RUNPATH_SEARCH_PATHS = (
					"$(inherited)",
					"@executable_path/Frameworks",
					"@loader_path/Frameworks",
				);
				PRODUCT_BUNDLE_IDENTIFIER = "org.mhsgv.portal.mhsvictoria-iosUITests";
				PRODUCT_NAME = "$(TARGET_NAME)";
				SWIFT_VERSION = 5.0;
				TARGETED_DEVICE_FAMILY = "1,2";
				TEST_TARGET_NAME = mhsvictoria_ios;
			};
			name = Debug;
		};
		2A00756D24BD4A7100BB1AEA /* Release */ = {
			isa = XCBuildConfiguration;
			buildSettings = {
				ALWAYS_EMBED_SWIFT_STANDARD_LIBRARIES = YES;
				CODE_SIGN_STYLE = Automatic;
				DEVELOPMENT_TEAM = C98XPK248W;
				INFOPLIST_FILE = mhsvictoria_iosUITests/Info.plist;
				LD_RUNPATH_SEARCH_PATHS = (
					"$(inherited)",
					"@executable_path/Frameworks",
					"@loader_path/Frameworks",
				);
				PRODUCT_BUNDLE_IDENTIFIER = "org.mhsgv.portal.mhsvictoria-iosUITests";
				PRODUCT_NAME = "$(TARGET_NAME)";
				SWIFT_VERSION = 5.0;
				TARGETED_DEVICE_FAMILY = "1,2";
				TEST_TARGET_NAME = mhsvictoria_ios;
			};
			name = Release;
		};
/* End XCBuildConfiguration section */

/* Begin XCConfigurationList section */
		2A00753624BD4A7000BB1AEA /* Build configuration list for PBXProject "mhsvictoria_ios" */ = {
			isa = XCConfigurationList;
			buildConfigurations = (
				2A00756324BD4A7100BB1AEA /* Debug */,
				2A00756424BD4A7100BB1AEA /* Release */,
			);
			defaultConfigurationIsVisible = 0;
			defaultConfigurationName = Release;
		};
		2A00756524BD4A7100BB1AEA /* Build configuration list for PBXNativeTarget "mhsvictoria_ios" */ = {
			isa = XCConfigurationList;
			buildConfigurations = (
				2A00756624BD4A7100BB1AEA /* Debug */,
				2A00756724BD4A7100BB1AEA /* Release */,
			);
			defaultConfigurationIsVisible = 0;
			defaultConfigurationName = Release;
		};
		2A00756824BD4A7100BB1AEA /* Build configuration list for PBXNativeTarget "mhsvictoria_iosTests" */ = {
			isa = XCConfigurationList;
			buildConfigurations = (
				2A00756924BD4A7100BB1AEA /* Debug */,
				2A00756A24BD4A7100BB1AEA /* Release */,
			);
			defaultConfigurationIsVisible = 0;
			defaultConfigurationName = Release;
		};
		2A00756B24BD4A7100BB1AEA /* Build configuration list for PBXNativeTarget "mhsvictoria_iosUITests" */ = {
			isa = XCConfigurationList;
			buildConfigurations = (
				2A00756C24BD4A7100BB1AEA /* Debug */,
				2A00756D24BD4A7100BB1AEA /* Release */,
			);
			defaultConfigurationIsVisible = 0;
			defaultConfigurationName = Release;
		};
/* End XCConfigurationList section */
	};
	rootObject = 2A00753324BD4A7000BB1AEA /* Project object */;
}
